// !$*UTF8*$!
{
	archiveVersion = 1;
	classes = {
	};
	objectVersion = 50;
	objects = {

/* Begin PBXBuildFile section */
		61DD8CF8DBB0F07CD75BA9C5 /* Pods_iMessage_gifs_MessagesExtension.framework in Frameworks */ = {isa = PBXBuildFile; fileRef = D22C7FF94839EC75C6C2B474 /* Pods_iMessage_gifs_MessagesExtension.framework */; };
		8D6A6BE93167DE4659A1684F /* Pods_iMessage_gifs.framework in Frameworks */ = {isa = PBXBuildFile; fileRef = 23216A5E015CA21BE62461A2 /* Pods_iMessage_gifs.framework */; };
		FE51E7B120FD2F2F006CD12E /* Assets.xcassets in Resources */ = {isa = PBXBuildFile; fileRef = FE51E7B020FD2F2F006CD12E /* Assets.xcassets */; };
		FE51E7B820FD2F30006CD12E /* iMessage-gifs MessagesExtension.appex in Embed App Extensions */ = {isa = PBXBuildFile; fileRef = FE51E7B720FD2F30006CD12E /* iMessage-gifs MessagesExtension.appex */; settings = {ATTRIBUTES = (RemoveHeadersOnCopy, ); }; };
		FE51E7BD20FD2F30006CD12E /* Messages.framework in Frameworks */ = {isa = PBXBuildFile; fileRef = FE51E7BC20FD2F30006CD12E /* Messages.framework */; };
		FE51E7C020FD2F30006CD12E /* MessagesViewController.swift in Sources */ = {isa = PBXBuildFile; fileRef = FE51E7BF20FD2F30006CD12E /* MessagesViewController.swift */; };
		FE51E7C320FD2F30006CD12E /* MainInterface.storyboard in Resources */ = {isa = PBXBuildFile; fileRef = FE51E7C120FD2F30006CD12E /* MainInterface.storyboard */; };
		FE51E7C520FD2F30006CD12E /* Assets.xcassets in Resources */ = {isa = PBXBuildFile; fileRef = FE51E7C420FD2F30006CD12E /* Assets.xcassets */; };
/* End PBXBuildFile section */

/* Begin PBXContainerItemProxy section */
		FE51E7B920FD2F30006CD12E /* PBXContainerItemProxy */ = {
			isa = PBXContainerItemProxy;
			containerPortal = FE51E7A720FD2F2D006CD12E /* Project object */;
			proxyType = 1;
			remoteGlobalIDString = FE51E7B620FD2F30006CD12E;
			remoteInfo = "iMessage-gifs MessagesExtension";
		};
/* End PBXContainerItemProxy section */

/* Begin PBXCopyFilesBuildPhase section */
		FE51E7CC20FD2F30006CD12E /* Embed App Extensions */ = {
			isa = PBXCopyFilesBuildPhase;
			buildActionMask = 2147483647;
			dstPath = "";
			dstSubfolderSpec = 13;
			files = (
				FE51E7B820FD2F30006CD12E /* iMessage-gifs MessagesExtension.appex in Embed App Extensions */,
			);
			name = "Embed App Extensions";
			runOnlyForDeploymentPostprocessing = 0;
		};
/* End PBXCopyFilesBuildPhase section */

/* Begin PBXFileReference section */
		23216A5E015CA21BE62461A2 /* Pods_iMessage_gifs.framework */ = {isa = PBXFileReference; explicitFileType = wrapper.framework; includeInIndex = 0; path = Pods_iMessage_gifs.framework; sourceTree = BUILT_PRODUCTS_DIR; };
		5EF7440EFA21AF5D321E28C8 /* Pods-iMessage-gifs.debug.xcconfig */ = {isa = PBXFileReference; includeInIndex = 1; lastKnownFileType = text.xcconfig; name = "Pods-iMessage-gifs.debug.xcconfig"; path = "Pods/Target Support Files/Pods-iMessage-gifs/Pods-iMessage-gifs.debug.xcconfig"; sourceTree = "<group>"; };
		6E6F6FB852E2E10F626EEED5 /* Pods-iMessage-gifs MessagesExtension.debug.xcconfig */ = {isa = PBXFileReference; includeInIndex = 1; lastKnownFileType = text.xcconfig; name = "Pods-iMessage-gifs MessagesExtension.debug.xcconfig"; path = "Pods/Target Support Files/Pods-iMessage-gifs MessagesExtension/Pods-iMessage-gifs MessagesExtension.debug.xcconfig"; sourceTree = "<group>"; };
		C63DFF5FC9BBEE2A464636B5 /* Pods-iMessage-gifs MessagesExtension.release.xcconfig */ = {isa = PBXFileReference; includeInIndex = 1; lastKnownFileType = text.xcconfig; name = "Pods-iMessage-gifs MessagesExtension.release.xcconfig"; path = "Pods/Target Support Files/Pods-iMessage-gifs MessagesExtension/Pods-iMessage-gifs MessagesExtension.release.xcconfig"; sourceTree = "<group>"; };
		D22C7FF94839EC75C6C2B474 /* Pods_iMessage_gifs_MessagesExtension.framework */ = {isa = PBXFileReference; explicitFileType = wrapper.framework; includeInIndex = 0; path = Pods_iMessage_gifs_MessagesExtension.framework; sourceTree = BUILT_PRODUCTS_DIR; };
		D9FE58254AAD09F6BB3763E2 /* Pods-iMessage-gifs.release.xcconfig */ = {isa = PBXFileReference; includeInIndex = 1; lastKnownFileType = text.xcconfig; name = "Pods-iMessage-gifs.release.xcconfig"; path = "Pods/Target Support Files/Pods-iMessage-gifs/Pods-iMessage-gifs.release.xcconfig"; sourceTree = "<group>"; };
		FE51E7AD20FD2F2D006CD12E /* iMessage-gifs.app */ = {isa = PBXFileReference; explicitFileType = wrapper.application; includeInIndex = 0; path = "iMessage-gifs.app"; sourceTree = BUILT_PRODUCTS_DIR; };
		FE51E7B020FD2F2F006CD12E /* Assets.xcassets */ = {isa = PBXFileReference; lastKnownFileType = folder.assetcatalog; path = Assets.xcassets; sourceTree = "<group>"; };
		FE51E7B220FD2F30006CD12E /* Info.plist */ = {isa = PBXFileReference; lastKnownFileType = text.plist.xml; path = Info.plist; sourceTree = "<group>"; };
		FE51E7B720FD2F30006CD12E /* iMessage-gifs MessagesExtension.appex */ = {isa = PBXFileReference; explicitFileType = "wrapper.app-extension"; includeInIndex = 0; path = "iMessage-gifs MessagesExtension.appex"; sourceTree = BUILT_PRODUCTS_DIR; };
		FE51E7BC20FD2F30006CD12E /* Messages.framework */ = {isa = PBXFileReference; lastKnownFileType = wrapper.framework; name = Messages.framework; path = System/Library/Frameworks/Messages.framework; sourceTree = SDKROOT; };
		FE51E7BF20FD2F30006CD12E /* MessagesViewController.swift */ = {isa = PBXFileReference; lastKnownFileType = sourcecode.swift; path = MessagesViewController.swift; sourceTree = "<group>"; };
		FE51E7C220FD2F30006CD12E /* Base */ = {isa = PBXFileReference; lastKnownFileType = file.storyboard; name = Base; path = Base.lproj/MainInterface.storyboard; sourceTree = "<group>"; };
		FE51E7C420FD2F30006CD12E /* Assets.xcassets */ = {isa = PBXFileReference; lastKnownFileType = folder.assetcatalog; path = Assets.xcassets; sourceTree = "<group>"; };
		FE51E7C620FD2F30006CD12E /* Info.plist */ = {isa = PBXFileReference; lastKnownFileType = text.plist.xml; path = Info.plist; sourceTree = "<group>"; };
/* End PBXFileReference section */

/* Begin PBXFrameworksBuildPhase section */
		FE51E7B420FD2F30006CD12E /* Frameworks */ = {
			isa = PBXFrameworksBuildPhase;
			buildActionMask = 2147483647;
			files = (
				FE51E7BD20FD2F30006CD12E /* Messages.framework in Frameworks */,
				61DD8CF8DBB0F07CD75BA9C5 /* Pods_iMessage_gifs_MessagesExtension.framework in Frameworks */,
			);
			runOnlyForDeploymentPostprocessing = 0;
		};
		FFA85B666A780A2936D867E9 /* Frameworks */ = {
			isa = PBXFrameworksBuildPhase;
			buildActionMask = 2147483647;
			files = (
				8D6A6BE93167DE4659A1684F /* Pods_iMessage_gifs.framework in Frameworks */,
			);
			runOnlyForDeploymentPostprocessing = 0;
		};
/* End PBXFrameworksBuildPhase section */

/* Begin PBXGroup section */
		95DC1AA982BAEB775C503D82 /* Pods */ = {
			isa = PBXGroup;
			children = (
				5EF7440EFA21AF5D321E28C8 /* Pods-iMessage-gifs.debug.xcconfig */,
				D9FE58254AAD09F6BB3763E2 /* Pods-iMessage-gifs.release.xcconfig */,
				6E6F6FB852E2E10F626EEED5 /* Pods-iMessage-gifs MessagesExtension.debug.xcconfig */,
				C63DFF5FC9BBEE2A464636B5 /* Pods-iMessage-gifs MessagesExtension.release.xcconfig */,
			);
			name = Pods;
			sourceTree = "<group>";
		};
		FE51E7A620FD2F2D006CD12E = {
			isa = PBXGroup;
			children = (
				FE51E7AF20FD2F2D006CD12E /* iMessage-gifs */,
				FE51E7BE20FD2F30006CD12E /* iMessage-gifs MessagesExtension */,
				FE51E7BB20FD2F30006CD12E /* Frameworks */,
				FE51E7AE20FD2F2D006CD12E /* Products */,
				95DC1AA982BAEB775C503D82 /* Pods */,
			);
			sourceTree = "<group>";
		};
		FE51E7AE20FD2F2D006CD12E /* Products */ = {
			isa = PBXGroup;
			children = (
				FE51E7AD20FD2F2D006CD12E /* iMessage-gifs.app */,
				FE51E7B720FD2F30006CD12E /* iMessage-gifs MessagesExtension.appex */,
			);
			name = Products;
			sourceTree = "<group>";
		};
		FE51E7AF20FD2F2D006CD12E /* iMessage-gifs */ = {
			isa = PBXGroup;
			children = (
				FE51E7B020FD2F2F006CD12E /* Assets.xcassets */,
				FE51E7B220FD2F30006CD12E /* Info.plist */,
			);
			path = "iMessage-gifs";
			sourceTree = "<group>";
		};
		FE51E7BB20FD2F30006CD12E /* Frameworks */ = {
			isa = PBXGroup;
			children = (
				FE51E7BC20FD2F30006CD12E /* Messages.framework */,
				23216A5E015CA21BE62461A2 /* Pods_iMessage_gifs.framework */,
				D22C7FF94839EC75C6C2B474 /* Pods_iMessage_gifs_MessagesExtension.framework */,
			);
			name = Frameworks;
			sourceTree = "<group>";
		};
		FE51E7BE20FD2F30006CD12E /* iMessage-gifs MessagesExtension */ = {
			isa = PBXGroup;
			children = (
				FE51E7BF20FD2F30006CD12E /* MessagesViewController.swift */,
				FE51E7C120FD2F30006CD12E /* MainInterface.storyboard */,
				FE51E7C420FD2F30006CD12E /* Assets.xcassets */,
				FE51E7C620FD2F30006CD12E /* Info.plist */,
			);
			path = "iMessage-gifs MessagesExtension";
			sourceTree = "<group>";
		};
/* End PBXGroup section */

/* Begin PBXNativeTarget section */
		FE51E7AC20FD2F2D006CD12E /* iMessage-gifs */ = {
			isa = PBXNativeTarget;
			buildConfigurationList = FE51E7CD20FD2F30006CD12E /* Build configuration list for PBXNativeTarget "iMessage-gifs" */;
			buildPhases = (
				8C7636239B0268387C127BE1 /* [CP] Check Pods Manifest.lock */,
				FE51E7AB20FD2F2D006CD12E /* Resources */,
				FE51E7CC20FD2F30006CD12E /* Embed App Extensions */,
				FFA85B666A780A2936D867E9 /* Frameworks */,
				D91EB16BC627058DBDD8378A /* [CP] Embed Pods Frameworks */,
			);
			buildRules = (
			);
			dependencies = (
				FE51E7BA20FD2F30006CD12E /* PBXTargetDependency */,
			);
			name = "iMessage-gifs";
			productName = "iMessage-gifs";
			productReference = FE51E7AD20FD2F2D006CD12E /* iMessage-gifs.app */;
			productType = "com.apple.product-type.application.messages";
		};
		FE51E7B620FD2F30006CD12E /* iMessage-gifs MessagesExtension */ = {
			isa = PBXNativeTarget;
			buildConfigurationList = FE51E7C920FD2F30006CD12E /* Build configuration list for PBXNativeTarget "iMessage-gifs MessagesExtension" */;
			buildPhases = (
				2883C7A6DE0A3D9772D354D2 /* [CP] Check Pods Manifest.lock */,
				FE51E7B320FD2F30006CD12E /* Sources */,
				FE51E7B420FD2F30006CD12E /* Frameworks */,
				FE51E7B520FD2F30006CD12E /* Resources */,
			);
			buildRules = (
			);
			dependencies = (
			);
			name = "iMessage-gifs MessagesExtension";
			productName = "iMessage-gifs MessagesExtension";
			productReference = FE51E7B720FD2F30006CD12E /* iMessage-gifs MessagesExtension.appex */;
			productType = "com.apple.product-type.app-extension.messages";
		};
/* End PBXNativeTarget section */

/* Begin PBXProject section */
		FE51E7A720FD2F2D006CD12E /* Project object */ = {
			isa = PBXProject;
			attributes = {
				LastSwiftUpdateCheck = 0940;
				LastUpgradeCheck = 0940;
				ORGANIZATIONNAME = "Johnny Perdomo";
				TargetAttributes = {
					FE51E7AC20FD2F2D006CD12E = {
						CreatedOnToolsVersion = 9.4.1;
					};
					FE51E7B620FD2F30006CD12E = {
						CreatedOnToolsVersion = 9.4.1;
					};
				};
			};
			buildConfigurationList = FE51E7AA20FD2F2D006CD12E /* Build configuration list for PBXProject "iMessage-gifs" */;
			compatibilityVersion = "Xcode 9.3";
			developmentRegion = en;
			hasScannedForEncodings = 0;
			knownRegions = (
				en,
				Base,
			);
			mainGroup = FE51E7A620FD2F2D006CD12E;
			productRefGroup = FE51E7AE20FD2F2D006CD12E /* Products */;
			projectDirPath = "";
			projectRoot = "";
			targets = (
				FE51E7AC20FD2F2D006CD12E /* iMessage-gifs */,
				FE51E7B620FD2F30006CD12E /* iMessage-gifs MessagesExtension */,
			);
		};
/* End PBXProject section */

/* Begin PBXResourcesBuildPhase section */
		FE51E7AB20FD2F2D006CD12E /* Resources */ = {
			isa = PBXResourcesBuildPhase;
			buildActionMask = 2147483647;
			files = (
				FE51E7B120FD2F2F006CD12E /* Assets.xcassets in Resources */,
			);
			runOnlyForDeploymentPostprocessing = 0;
		};
		FE51E7B520FD2F30006CD12E /* Resources */ = {
			isa = PBXResourcesBuildPhase;
			buildActionMask = 2147483647;
			files = (
				FE51E7C520FD2F30006CD12E /* Assets.xcassets in Resources */,
				FE51E7C320FD2F30006CD12E /* MainInterface.storyboard in Resources */,
			);
			runOnlyForDeploymentPostprocessing = 0;
		};
/* End PBXResourcesBuildPhase section */

/* Begin PBXShellScriptBuildPhase section */
		2883C7A6DE0A3D9772D354D2 /* [CP] Check Pods Manifest.lock */ = {
			isa = PBXShellScriptBuildPhase;
			buildActionMask = 2147483647;
			files = (
			);
			inputPaths = (
				"${PODS_PODFILE_DIR_PATH}/Podfile.lock",
				"${PODS_ROOT}/Manifest.lock",
			);
			name = "[CP] Check Pods Manifest.lock";
			outputPaths = (
				"$(DERIVED_FILE_DIR)/Pods-iMessage-gifs MessagesExtension-checkManifestLockResult.txt",
			);
			runOnlyForDeploymentPostprocessing = 0;
			shellPath = /bin/sh;
			shellScript = "diff \"${PODS_PODFILE_DIR_PATH}/Podfile.lock\" \"${PODS_ROOT}/Manifest.lock\" > /dev/null\nif [ $? != 0 ] ; then\n    # print error to STDERR\n    echo \"error: The sandbox is not in sync with the Podfile.lock. Run 'pod install' or update your CocoaPods installation.\" >&2\n    exit 1\nfi\n# This output is used by Xcode 'outputs' to avoid re-running this script phase.\necho \"SUCCESS\" > \"${SCRIPT_OUTPUT_FILE_0}\"\n";
			showEnvVarsInLog = 0;
		};
		8C7636239B0268387C127BE1 /* [CP] Check Pods Manifest.lock */ = {
			isa = PBXShellScriptBuildPhase;
			buildActionMask = 2147483647;
			files = (
			);
			inputPaths = (
				"${PODS_PODFILE_DIR_PATH}/Podfile.lock",
				"${PODS_ROOT}/Manifest.lock",
			);
			name = "[CP] Check Pods Manifest.lock";
			outputPaths = (
				"$(DERIVED_FILE_DIR)/Pods-iMessage-gifs-checkManifestLockResult.txt",
			);
			runOnlyForDeploymentPostprocessing = 0;
			shellPath = /bin/sh;
			shellScript = "diff \"${PODS_PODFILE_DIR_PATH}/Podfile.lock\" \"${PODS_ROOT}/Manifest.lock\" > /dev/null\nif [ $? != 0 ] ; then\n    # print error to STDERR\n    echo \"error: The sandbox is not in sync with the Podfile.lock. Run 'pod install' or update your CocoaPods installation.\" >&2\n    exit 1\nfi\n# This output is used by Xcode 'outputs' to avoid re-running this script phase.\necho \"SUCCESS\" > \"${SCRIPT_OUTPUT_FILE_0}\"\n";
			showEnvVarsInLog = 0;
		};
		D91EB16BC627058DBDD8378A /* [CP] Embed Pods Frameworks */ = {
			isa = PBXShellScriptBuildPhase;
			buildActionMask = 2147483647;
			files = (
			);
			inputPaths = (
				"${SRCROOT}/Pods/Target Support Files/Pods-iMessage-gifs/Pods-iMessage-gifs-frameworks.sh",
				"${BUILT_PRODUCTS_DIR}/Alamofire/Alamofire.framework",
				"${BUILT_PRODUCTS_DIR}/SDWebImage/SDWebImage.framework",
				"${BUILT_PRODUCTS_DIR}/SwiftyJSON/SwiftyJSON.framework",
			);
			name = "[CP] Embed Pods Frameworks";
			outputPaths = (
				"${TARGET_BUILD_DIR}/${FRAMEWORKS_FOLDER_PATH}/Alamofire.framework",
				"${TARGET_BUILD_DIR}/${FRAMEWORKS_FOLDER_PATH}/SDWebImage.framework",
				"${TARGET_BUILD_DIR}/${FRAMEWORKS_FOLDER_PATH}/SwiftyJSON.framework",
			);
			runOnlyForDeploymentPostprocessing = 0;
			shellPath = /bin/sh;
			shellScript = "\"${SRCROOT}/Pods/Target Support Files/Pods-iMessage-gifs/Pods-iMessage-gifs-frameworks.sh\"\n";
			showEnvVarsInLog = 0;
		};
/* End PBXShellScriptBuildPhase section */

/* Begin PBXSourcesBuildPhase section */
		FE51E7B320FD2F30006CD12E /* Sources */ = {
			isa = PBXSourcesBuildPhase;
			buildActionMask = 2147483647;
			files = (
				FE51E7C020FD2F30006CD12E /* MessagesViewController.swift in Sources */,
			);
			runOnlyForDeploymentPostprocessing = 0;
		};
/* End PBXSourcesBuildPhase section */

/* Begin PBXTargetDependency section */
		FE51E7BA20FD2F30006CD12E /* PBXTargetDependency */ = {
			isa = PBXTargetDependency;
			target = FE51E7B620FD2F30006CD12E /* iMessage-gifs MessagesExtension */;
			targetProxy = FE51E7B920FD2F30006CD12E /* PBXContainerItemProxy */;
		};
/* End PBXTargetDependency section */

/* Begin PBXVariantGroup section */
		FE51E7C120FD2F30006CD12E /* MainInterface.storyboard */ = {
			isa = PBXVariantGroup;
			children = (
				FE51E7C220FD2F30006CD12E /* Base */,
			);
			name = MainInterface.storyboard;
			sourceTree = "<group>";
		};
/* End PBXVariantGroup section */

/* Begin XCBuildConfiguration section */
		FE51E7C720FD2F30006CD12E /* Debug */ = {
			isa = XCBuildConfiguration;
			buildSettings = {
				ALWAYS_SEARCH_USER_PATHS = NO;
				CLANG_ANALYZER_NONNULL = YES;
				CLANG_ANALYZER_NUMBER_OBJECT_CONVERSION = YES_AGGRESSIVE;
				CLANG_CXX_LANGUAGE_STANDARD = "gnu++14";
				CLANG_CXX_LIBRARY = "libc++";
				CLANG_ENABLE_MODULES = YES;
				CLANG_ENABLE_OBJC_ARC = YES;
				CLANG_ENABLE_OBJC_WEAK = YES;
				CLANG_WARN_BLOCK_CAPTURE_AUTORELEASING = YES;
				CLANG_WARN_BOOL_CONVERSION = YES;
				CLANG_WARN_COMMA = YES;
				CLANG_WARN_CONSTANT_CONVERSION = YES;
				CLANG_WARN_DEPRECATED_OBJC_IMPLEMENTATIONS = YES;
				CLANG_WARN_DIRECT_OBJC_ISA_USAGE = YES_ERROR;
				CLANG_WARN_DOCUMENTATION_COMMENTS = YES;
				CLANG_WARN_EMPTY_BODY = YES;
				CLANG_WARN_ENUM_CONVERSION = YES;
				CLANG_WARN_INFINITE_RECURSION = YES;
				CLANG_WARN_INT_CONVERSION = YES;
				CLANG_WARN_NON_LITERAL_NULL_CONVERSION = YES;
				CLANG_WARN_OBJC_IMPLICIT_RETAIN_SELF = YES;
				CLANG_WARN_OBJC_LITERAL_CONVERSION = YES;
				CLANG_WARN_OBJC_ROOT_CLASS = YES_ERROR;
				CLANG_WARN_RANGE_LOOP_ANALYSIS = YES;
				CLANG_WARN_STRICT_PROTOTYPES = YES;
				CLANG_WARN_SUSPICIOUS_MOVE = YES;
				CLANG_WARN_UNGUARDED_AVAILABILITY = YES_AGGRESSIVE;
				CLANG_WARN_UNREACHABLE_CODE = YES;
				CLANG_WARN__DUPLICATE_METHOD_MATCH = YES;
				CODE_SIGN_IDENTITY = "iPhone Developer";
				COPY_PHASE_STRIP = NO;
				DEBUG_INFORMATION_FORMAT = dwarf;
				ENABLE_STRICT_OBJC_MSGSEND = YES;
				ENABLE_TESTABILITY = YES;
				GCC_C_LANGUAGE_STANDARD = gnu11;
				GCC_DYNAMIC_NO_PIC = NO;
				GCC_NO_COMMON_BLOCKS = YES;
				GCC_OPTIMIZATION_LEVEL = 0;
				GCC_PREPROCESSOR_DEFINITIONS = (
					"DEBUG=1",
					"$(inherited)",
				);
				GCC_WARN_64_TO_32_BIT_CONVERSION = YES;
				GCC_WARN_ABOUT_RETURN_TYPE = YES_ERROR;
				GCC_WARN_UNDECLARED_SELECTOR = YES;
				GCC_WARN_UNINITIALIZED_AUTOS = YES_AGGRESSIVE;
				GCC_WARN_UNUSED_FUNCTION = YES;
				GCC_WARN_UNUSED_VARIABLE = YES;
				IPHONEOS_DEPLOYMENT_TARGET = 11.4;
				MTL_ENABLE_DEBUG_INFO = YES;
				ONLY_ACTIVE_ARCH = YES;
				SDKROOT = iphoneos;
				SWIFT_ACTIVE_COMPILATION_CONDITIONS = DEBUG;
				SWIFT_OPTIMIZATION_LEVEL = "-Onone";
			};
			name = Debug;
		};
		FE51E7C820FD2F30006CD12E /* Release */ = {
			isa = XCBuildConfiguration;
			buildSettings = {
				ALWAYS_SEARCH_USER_PATHS = NO;
				CLANG_ANALYZER_NONNULL = YES;
				CLANG_ANALYZER_NUMBER_OBJECT_CONVERSION = YES_AGGRESSIVE;
				CLANG_CXX_LANGUAGE_STANDARD = "gnu++14";
				CLANG_CXX_LIBRARY = "libc++";
				CLANG_ENABLE_MODULES = YES;
				CLANG_ENABLE_OBJC_ARC = YES;
				CLANG_ENABLE_OBJC_WEAK = YES;
				CLANG_WARN_BLOCK_CAPTURE_AUTORELEASING = YES;
				CLANG_WARN_BOOL_CONVERSION = YES;
				CLANG_WARN_COMMA = YES;
				CLANG_WARN_CONSTANT_CONVERSION = YES;
				CLANG_WARN_DEPRECATED_OBJC_IMPLEMENTATIONS = YES;
				CLANG_WARN_DIRECT_OBJC_ISA_USAGE = YES_ERROR;
				CLANG_WARN_DOCUMENTATION_COMMENTS = YES;
				CLANG_WARN_EMPTY_BODY = YES;
				CLANG_WARN_ENUM_CONVERSION = YES;
				CLANG_WARN_INFINITE_RECURSION = YES;
				CLANG_WARN_INT_CONVERSION = YES;
				CLANG_WARN_NON_LITERAL_NULL_CONVERSION = YES;
				CLANG_WARN_OBJC_IMPLICIT_RETAIN_SELF = YES;
				CLANG_WARN_OBJC_LITERAL_CONVERSION = YES;
				CLANG_WARN_OBJC_ROOT_CLASS = YES_ERROR;
				CLANG_WARN_RANGE_LOOP_ANALYSIS = YES;
				CLANG_WARN_STRICT_PROTOTYPES = YES;
				CLANG_WARN_SUSPICIOUS_MOVE = YES;
				CLANG_WARN_UNGUARDED_AVAILABILITY = YES_AGGRESSIVE;
				CLANG_WARN_UNREACHABLE_CODE = YES;
				CLANG_WARN__DUPLICATE_METHOD_MATCH = YES;
				CODE_SIGN_IDENTITY = "iPhone Developer";
				COPY_PHASE_STRIP = NO;
				DEBUG_INFORMATION_FORMAT = "dwarf-with-dsym";
				ENABLE_NS_ASSERTIONS = NO;
				ENABLE_STRICT_OBJC_MSGSEND = YES;
				GCC_C_LANGUAGE_STANDARD = gnu11;
				GCC_NO_COMMON_BLOCKS = YES;
				GCC_WARN_64_TO_32_BIT_CONVERSION = YES;
				GCC_WARN_ABOUT_RETURN_TYPE = YES_ERROR;
				GCC_WARN_UNDECLARED_SELECTOR = YES;
				GCC_WARN_UNINITIALIZED_AUTOS = YES_AGGRESSIVE;
				GCC_WARN_UNUSED_FUNCTION = YES;
				GCC_WARN_UNUSED_VARIABLE = YES;
				IPHONEOS_DEPLOYMENT_TARGET = 11.4;
				MTL_ENABLE_DEBUG_INFO = NO;
				SDKROOT = iphoneos;
				SWIFT_COMPILATION_MODE = wholemodule;
				SWIFT_OPTIMIZATION_LEVEL = "-O";
				VALIDATE_PRODUCT = YES;
			};
			name = Release;
		};
		FE51E7CA20FD2F30006CD12E /* Debug */ = {
			isa = XCBuildConfiguration;
			baseConfigurationReference = 6E6F6FB852E2E10F626EEED5 /* Pods-iMessage-gifs MessagesExtension.debug.xcconfig */;
			buildSettings = {
				ASSETCATALOG_COMPILER_APPICON_NAME = "iMessage App Icon";
				CODE_SIGN_STYLE = Automatic;
				DEVELOPMENT_TEAM = JX3EAWJE5N;
				INFOPLIST_FILE = "iMessage-gifs MessagesExtension/Info.plist";
				LD_RUNPATH_SEARCH_PATHS = "$(inherited) @executable_path/Frameworks @executable_path/../../Frameworks";
				PRODUCT_BUNDLE_IDENTIFIER = "com.johnnyperdomo.iMessage-gifs.MessagesExtension";
				PRODUCT_NAME = "$(TARGET_NAME)";
				SKIP_INSTALL = YES;
				SWIFT_VERSION = 4.0;
				TARGETED_DEVICE_FAMILY = "1,2";
			};
			name = Debug;
		};
		FE51E7CB20FD2F30006CD12E /* Release */ = {
			isa = XCBuildConfiguration;
			baseConfigurationReference = C63DFF5FC9BBEE2A464636B5 /* Pods-iMessage-gifs MessagesExtension.release.xcconfig */;
			buildSettings = {
				ASSETCATALOG_COMPILER_APPICON_NAME = "iMessage App Icon";
				CODE_SIGN_STYLE = Automatic;
				DEVELOPMENT_TEAM = JX3EAWJE5N;
				INFOPLIST_FILE = "iMessage-gifs MessagesExtension/Info.plist";
				LD_RUNPATH_SEARCH_PATHS = "$(inherited) @executable_path/Frameworks @executable_path/../../Frameworks";
				PRODUCT_BUNDLE_IDENTIFIER = "com.johnnyperdomo.iMessage-gifs.MessagesExtension";
				PRODUCT_NAME = "$(TARGET_NAME)";
				SKIP_INSTALL = YES;
				SWIFT_VERSION = 4.0;
				TARGETED_DEVICE_FAMILY = "1,2";
			};
			name = Release;
		};
		FE51E7CE20FD2F30006CD12E /* Debug */ = {
			isa = XCBuildConfiguration;
			baseConfigurationReference = 5EF7440EFA21AF5D321E28C8 /* Pods-iMessage-gifs.debug.xcconfig */;
			buildSettings = {
				ALWAYS_EMBED_SWIFT_STANDARD_LIBRARIES = YES;
				ASSETCATALOG_COMPILER_APPICON_NAME = AppIcon;
				CODE_SIGN_IDENTITY = "iPhone Developer";
				CODE_SIGN_STYLE = Automatic;
				DEVELOPMENT_TEAM = JX3EAWJE5N;
				INFOPLIST_FILE = "iMessage-gifs/Info.plist";
				PRODUCT_BUNDLE_IDENTIFIER = "com.johnnyperdomo.iMessage-gifs";
				PRODUCT_NAME = "$(TARGET_NAME)";
				PROVISIONING_PROFILE_SPECIFIER = "";
				SWIFT_VERSION = 4.0;
				TARGETED_DEVICE_FAMILY = "1,2";
			};
			name = Debug;
		};
		FE51E7CF20FD2F30006CD12E /* Release */ = {
			isa = XCBuildConfiguration;
			baseConfigurationReference = D9FE58254AAD09F6BB3763E2 /* Pods-iMessage-gifs.release.xcconfig */;
			buildSettings = {
				ALWAYS_EMBED_SWIFT_STANDARD_LIBRARIES = YES;
				ASSETCATALOG_COMPILER_APPICON_NAME = AppIcon;
				CODE_SIGN_IDENTITY = "iPhone Developer";
				CODE_SIGN_STYLE = Automatic;
				DEVELOPMENT_TEAM = JX3EAWJE5N;
				INFOPLIST_FILE = "iMessage-gifs/Info.plist";
				PRODUCT_BUNDLE_IDENTIFIER = "com.johnnyperdomo.iMessage-gifs";
				PRODUCT_NAME = "$(TARGET_NAME)";
				PROVISIONING_PROFILE_SPECIFIER = "";
				SWIFT_VERSION = 4.0;
				TARGETED_DEVICE_FAMILY = "1,2";
			};
			name = Release;
		};
/* End XCBuildConfiguration section */

/* Begin XCConfigurationList section */
		FE51E7AA20FD2F2D006CD12E /* Build configuration list for PBXProject "iMessage-gifs" */ = {
			isa = XCConfigurationList;
			buildConfigurations = (
				FE51E7C720FD2F30006CD12E /* Debug */,
				FE51E7C820FD2F30006CD12E /* Release */,
			);
			defaultConfigurationIsVisible = 0;
			defaultConfigurationName = Release;
		};
		FE51E7C920FD2F30006CD12E /* Build configuration list for PBXNativeTarget "iMessage-gifs MessagesExtension" */ = {
			isa = XCConfigurationList;
			buildConfigurations = (
				FE51E7CA20FD2F30006CD12E /* Debug */,
				FE51E7CB20FD2F30006CD12E /* Release */,
			);
			defaultConfigurationIsVisible = 0;
			defaultConfigurationName = Release;
		};
		FE51E7CD20FD2F30006CD12E /* Build configuration list for PBXNativeTarget "iMessage-gifs" */ = {
			isa = XCConfigurationList;
			buildConfigurations = (
				FE51E7CE20FD2F30006CD12E /* Debug */,
				FE51E7CF20FD2F30006CD12E /* Release */,
			);
			defaultConfigurationIsVisible = 0;
			defaultConfigurationName = Release;
		};
/* End XCConfigurationList section */
	};
	rootObject = FE51E7A720FD2F2D006CD12E /* Project object */;
}
